// !$*UTF8*$!
{
	archiveVersion = 1;
	classes = {
	};
	objectVersion = 50;
	objects = {

/* Begin PBXBuildFile section */
		D6C9A0AB261EAC08005F0707 /* AppDelegate.swift in Sources */ = {isa = PBXBuildFile; fileRef = D6C9A0AA261EAC08005F0707 /* AppDelegate.swift */; };
		D6C9A0AD261EAC08005F0707 /* SceneDelegate.swift in Sources */ = {isa = PBXBuildFile; fileRef = D6C9A0AC261EAC08005F0707 /* SceneDelegate.swift */; };
		D6C9A0AF261EAC08005F0707 /* ContentView.swift in Sources */ = {isa = PBXBuildFile; fileRef = D6C9A0AE261EAC08005F0707 /* ContentView.swift */; };
		D6C9A0B1261EAC09005F0707 /* Assets.xcassets in Resources */ = {isa = PBXBuildFile; fileRef = D6C9A0B0261EAC09005F0707 /* Assets.xcassets */; };
		D6C9A0B4261EAC09005F0707 /* Preview Assets.xcassets in Resources */ = {isa = PBXBuildFile; fileRef = D6C9A0B3261EAC09005F0707 /* Preview Assets.xcassets */; };
		D6C9A0B7261EAC09005F0707 /* LaunchScreen.storyboard in Resources */ = {isa = PBXBuildFile; fileRef = D6C9A0B5261EAC09005F0707 /* LaunchScreen.storyboard */; };
		D6C9A0C3261EAEAB005F0707 /* Hero.swift in Sources */ = {isa = PBXBuildFile; fileRef = D6C9A0C2261EAEAB005F0707 /* Hero.swift */; };
		D6C9A0C7261EAEC2005F0707 /* DummyHeroes.swift in Sources */ = {isa = PBXBuildFile; fileRef = D6C9A0C6261EAEC2005F0707 /* DummyHeroes.swift */; };
		D6C9A0D4261EB484005F0707 /* HeroList.swift in Sources */ = {isa = PBXBuildFile; fileRef = D6C9A0D3261EB484005F0707 /* HeroList.swift */; };
		D6C9A0D7261EB496005F0707 /* HeroDetail.swift in Sources */ = {isa = PBXBuildFile; fileRef = D6C9A0D6261EB496005F0707 /* HeroDetail.swift */; };
		D6C9A0DA261EB49F005F0707 /* HeroRow.swift in Sources */ = {isa = PBXBuildFile; fileRef = D6C9A0D9261EB49F005F0707 /* HeroRow.swift */; };
/* End PBXBuildFile section */

/* Begin PBXFileReference section */
		D6C9A0A7261EAC08005F0707 /* MyHero.app */ = {isa = PBXFileReference; explicitFileType = wrapper.application; includeInIndex = 0; path = MyHero.app; sourceTree = BUILT_PRODUCTS_DIR; };
		D6C9A0AA261EAC08005F0707 /* AppDelegate.swift */ = {isa = PBXFileReference; lastKnownFileType = sourcecode.swift; path = AppDelegate.swift; sourceTree = "<group>"; };
		D6C9A0AC261EAC08005F0707 /* SceneDelegate.swift */ = {isa = PBXFileReference; lastKnownFileType = sourcecode.swift; path = SceneDelegate.swift; sourceTree = "<group>"; };
		D6C9A0AE261EAC08005F0707 /* ContentView.swift */ = {isa = PBXFileReference; lastKnownFileType = sourcecode.swift; path = ContentView.swift; sourceTree = "<group>"; };
		D6C9A0B0261EAC09005F0707 /* Assets.xcassets */ = {isa = PBXFileReference; lastKnownFileType = folder.assetcatalog; path = Assets.xcassets; sourceTree = "<group>"; };
		D6C9A0B3261EAC09005F0707 /* Preview Assets.xcassets */ = {isa = PBXFileReference; lastKnownFileType = folder.assetcatalog; path = "Preview Assets.xcassets"; sourceTree = "<group>"; };
		D6C9A0B6261EAC09005F0707 /* Base */ = {isa = PBXFileReference; lastKnownFileType = file.storyboard; name = Base; path = Base.lproj/LaunchScreen.storyboard; sourceTree = "<group>"; };
		D6C9A0B8261EAC09005F0707 /* Info.plist */ = {isa = PBXFileReference; lastKnownFileType = text.plist.xml; path = Info.plist; sourceTree = "<group>"; };
		D6C9A0C2261EAEAB005F0707 /* Hero.swift */ = {isa = PBXFileReference; lastKnownFileType = sourcecode.swift; path = Hero.swift; sourceTree = "<group>"; };
		D6C9A0C6261EAEC2005F0707 /* DummyHeroes.swift */ = {isa = PBXFileReference; lastKnownFileType = sourcecode.swift; path = DummyHeroes.swift; sourceTree = "<group>"; };
		D6C9A0D3261EB484005F0707 /* HeroList.swift */ = {isa = PBXFileReference; lastKnownFileType = sourcecode.swift; path = HeroList.swift; sourceTree = "<group>"; };
		D6C9A0D6261EB496005F0707 /* HeroDetail.swift */ = {isa = PBXFileReference; lastKnownFileType = sourcecode.swift; path = HeroDetail.swift; sourceTree = "<group>"; };
		D6C9A0D9261EB49F005F0707 /* HeroRow.swift */ = {isa = PBXFileReference; lastKnownFileType = sourcecode.swift; path = HeroRow.swift; sourceTree = "<group>"; };
/* End PBXFileReference section */

/* Begin PBXFrameworksBuildPhase section */
		D6C9A0A4261EAC07005F0707 /* Frameworks */ = {
			isa = PBXFrameworksBuildPhase;
			buildActionMask = 2147483647;
			files = (
			);
			runOnlyForDeploymentPostprocessing = 0;
		};
/* End PBXFrameworksBuildPhase section */

/* Begin PBXGroup section */
		D6C9A09E261EAC07005F0707 = {
			isa = PBXGroup;
			children = (
				D6C9A0A9261EAC08005F0707 /* MyHero */,
				D6C9A0A8261EAC08005F0707 /* Products */,
			);
			sourceTree = "<group>";
		};
		D6C9A0A8261EAC08005F0707 /* Products */ = {
			isa = PBXGroup;
			children = (
				D6C9A0A7261EAC08005F0707 /* MyHero.app */,
			);
			name = Products;
			sourceTree = "<group>";
		};
		D6C9A0A9261EAC08005F0707 /* MyHero */ = {
			isa = PBXGroup;
			children = (
				D6C9A0C1261EADE9005F0707 /* View */,
				D6C9A0C0261EADE0005F0707 /* Model */,
				D6C9A0BF261EADCE005F0707 /* Base */,
				D6C9A0B0261EAC09005F0707 /* Assets.xcassets */,
				D6C9A0B5261EAC09005F0707 /* LaunchScreen.storyboard */,
				D6C9A0B8261EAC09005F0707 /* Info.plist */,
				D6C9A0B2261EAC09005F0707 /* Preview Content */,
			);
			path = MyHero;
			sourceTree = "<group>";
		};
		D6C9A0B2261EAC09005F0707 /* Preview Content */ = {
			isa = PBXGroup;
			children = (
				D6C9A0B3261EAC09005F0707 /* Preview Assets.xcassets */,
			);
			path = "Preview Content";
			sourceTree = "<group>";
		};
		D6C9A0BF261EADCE005F0707 /* Base */ = {
			isa = PBXGroup;
			children = (
				D6C9A0AA261EAC08005F0707 /* AppDelegate.swift */,
				D6C9A0AC261EAC08005F0707 /* SceneDelegate.swift */,
			);
			path = Base;
			sourceTree = "<group>";
		};
		D6C9A0C0261EADE0005F0707 /* Model */ = {
			isa = PBXGroup;
			children = (
				D6C9A0C2261EAEAB005F0707 /* Hero.swift */,
				D6C9A0C6261EAEC2005F0707 /* DummyHeroes.swift */,
			);
			path = Model;
			sourceTree = "<group>";
		};
		D6C9A0C1261EADE9005F0707 /* View */ = {
			isa = PBXGroup;
			children = (
				D6C9A0AE261EAC08005F0707 /* ContentView.swift */,
				D6C9A0D3261EB484005F0707 /* HeroList.swift */,
				D6C9A0D6261EB496005F0707 /* HeroDetail.swift */,
				D6C9A0D9261EB49F005F0707 /* HeroRow.swift */,
			);
			path = View;
			sourceTree = "<group>";
		};
/* End PBXGroup section */

/* Begin PBXNativeTarget section */
		D6C9A0A6261EAC07005F0707 /* MyHero */ = {
			isa = PBXNativeTarget;
			buildConfigurationList = D6C9A0BB261EAC09005F0707 /* Build configuration list for PBXNativeTarget "MyHero" */;
			buildPhases = (
				D6C9A0A3261EAC07005F0707 /* Sources */,
				D6C9A0A4261EAC07005F0707 /* Frameworks */,
				D6C9A0A5261EAC07005F0707 /* Resources */,
			);
			buildRules = (
			);
			dependencies = (
			);
			name = MyHero;
			productName = MyHero;
			productReference = D6C9A0A7261EAC08005F0707 /* MyHero.app */;
			productType = "com.apple.product-type.application";
		};
/* End PBXNativeTarget section */

/* Begin PBXProject section */
		D6C9A09F261EAC07005F0707 /* Project object */ = {
			isa = PBXProject;
			attributes = {
				LastSwiftUpdateCheck = 1240;
				LastUpgradeCheck = 1240;
				TargetAttributes = {
					D6C9A0A6261EAC07005F0707 = {
						CreatedOnToolsVersion = 12.4;
					};
				};
			};
			buildConfigurationList = D6C9A0A2261EAC07005F0707 /* Build configuration list for PBXProject "MyHero" */;
			compatibilityVersion = "Xcode 9.3";
			developmentRegion = en;
			hasScannedForEncodings = 0;
			knownRegions = (
				en,
				Base,
			);
			mainGroup = D6C9A09E261EAC07005F0707;
			productRefGroup = D6C9A0A8261EAC08005F0707 /* Products */;
			projectDirPath = "";
			projectRoot = "";
			targets = (
				D6C9A0A6261EAC07005F0707 /* MyHero */,
			);
		};
/* End PBXProject section */

/* Begin PBXResourcesBuildPhase section */
		D6C9A0A5261EAC07005F0707 /* Resources */ = {
			isa = PBXResourcesBuildPhase;
			buildActionMask = 2147483647;
			files = (
				D6C9A0B7261EAC09005F0707 /* LaunchScreen.storyboard in Resources */,
				D6C9A0B4261EAC09005F0707 /* Preview Assets.xcassets in Resources */,
				D6C9A0B1261EAC09005F0707 /* Assets.xcassets in Resources */,
			);
			runOnlyForDeploymentPostprocessing = 0;
		};
/* End PBXResourcesBuildPhase section */

/* Begin PBXSourcesBuildPhase section */
		D6C9A0A3261EAC07005F0707 /* Sources */ = {
			isa = PBXSourcesBuildPhase;
			buildActionMask = 2147483647;
			files = (
				D6C9A0AB261EAC08005F0707 /* AppDelegate.swift in Sources */,
				D6C9A0AD261EAC08005F0707 /* SceneDelegate.swift in Sources */,
				D6C9A0C7261EAEC2005F0707 /* DummyHeroes.swift in Sources */,
				D6C9A0AF261EAC08005F0707 /* ContentView.swift in Sources */,
				D6C9A0C3261EAEAB005F0707 /* Hero.swift in Sources */,
				D6C9A0D4261EB484005F0707 /* HeroList.swift in Sources */,
				D6C9A0DA261EB49F005F0707 /* HeroRow.swift in Sources */,
				D6C9A0D7261EB496005F0707 /* HeroDetail.swift in Sources */,
			);
			runOnlyForDeploymentPostprocessing = 0;
		};
/* End PBXSourcesBuildPhase section */

/* Begin PBXVariantGroup section */
		D6C9A0B5261EAC09005F0707 /* LaunchScreen.storyboard */ = {
			isa = PBXVariantGroup;
			children = (
				D6C9A0B6261EAC09005F0707 /* Base */,
			);
			name = LaunchScreen.storyboard;
			sourceTree = "<group>";
		};
/* End PBXVariantGroup section */

/* Begin XCBuildConfiguration section */
		D6C9A0B9261EAC09005F0707 /* Debug */ = {
			isa = XCBuildConfiguration;
			buildSettings = {
				ALWAYS_SEARCH_USER_PATHS = NO;
				CLANG_ANALYZER_NONNULL = YES;
				CLANG_ANALYZER_NUMBER_OBJECT_CONVERSION = YES_AGGRESSIVE;
				CLANG_CXX_LANGUAGE_STANDARD = "gnu++14";
				CLANG_CXX_LIBRARY = "libc++";
				CLANG_ENABLE_MODULES = YES;
				CLANG_ENABLE_OBJC_ARC = YES;
				CLANG_ENABLE_OBJC_WEAK = YES;
				CLANG_WARN_BLOCK_CAPTURE_AUTORELEASING = YES;
				CLANG_WARN_BOOL_CONVERSION = YES;
				CLANG_WARN_COMMA = YES;
				CLANG_WARN_CONSTANT_CONVERSION = YES;
				CLANG_WARN_DEPRECATED_OBJC_IMPLEMENTATIONS = YES;
				CLANG_WARN_DIRECT_OBJC_ISA_USAGE = YES_ERROR;
				CLANG_WARN_DOCUMENTATION_COMMENTS = YES;
				CLANG_WARN_EMPTY_BODY = YES;
				CLANG_WARN_ENUM_CONVERSION = YES;
				CLANG_WARN_INFINITE_RECURSION = YES;
				CLANG_WARN_INT_CONVERSION = YES;
				CLANG_WARN_NON_LITERAL_NULL_CONVERSION = YES;
				CLANG_WARN_OBJC_IMPLICIT_RETAIN_SELF = YES;
				CLANG_WARN_OBJC_LITERAL_CONVERSION = YES;
				CLANG_WARN_OBJC_ROOT_CLASS = YES_ERROR;
				CLANG_WARN_QUOTED_INCLUDE_IN_FRAMEWORK_HEADER = YES;
				CLANG_WARN_RANGE_LOOP_ANALYSIS = YES;
				CLANG_WARN_STRICT_PROTOTYPES = YES;
				CLANG_WARN_SUSPICIOUS_MOVE = YES;
				CLANG_WARN_UNGUARDED_AVAILABILITY = YES_AGGRESSIVE;
				CLANG_WARN_UNREACHABLE_CODE = YES;
				CLANG_WARN__DUPLICATE_METHOD_MATCH = YES;
				COPY_PHASE_STRIP = NO;
				DEBUG_INFORMATION_FORMAT = dwarf;
				ENABLE_STRICT_OBJC_MSGSEND = YES;
				ENABLE_TESTABILITY = YES;
				GCC_C_LANGUAGE_STANDARD = gnu11;
				GCC_DYNAMIC_NO_PIC = NO;
				GCC_NO_COMMON_BLOCKS = YES;
				GCC_OPTIMIZATION_LEVEL = 0;
				GCC_PREPROCESSOR_DEFINITIONS = (
					"DEBUG=1",
					"$(inherited)",
				);
				GCC_WARN_64_TO_32_BIT_CONVERSION = YES;
				GCC_WARN_ABOUT_RETURN_TYPE = YES_ERROR;
				GCC_WARN_UNDECLARED_SELECTOR = YES;
				GCC_WARN_UNINITIALIZED_AUTOS = YES_AGGRESSIVE;
				GCC_WARN_UNUSED_FUNCTION = YES;
				GCC_WARN_UNUSED_VARIABLE = YES;
				IPHONEOS_DEPLOYMENT_TARGET = 14.4;
				MTL_ENABLE_DEBUG_INFO = INCLUDE_SOURCE;
				MTL_FAST_MATH = YES;
				ONLY_ACTIVE_ARCH = YES;
				SDKROOT = iphoneos;
				SWIFT_ACTIVE_COMPILATION_CONDITIONS = DEBUG;
				SWIFT_OPTIMIZATION_LEVEL = "-Onone";
			};
			name = Debug;
		};
		D6C9A0BA261EAC09005F0707 /* Release */ = {
			isa = XCBuildConfiguration;
			buildSettings = {
				ALWAYS_SEARCH_USER_PATHS = NO;
				CLANG_ANALYZER_NONNULL = YES;
				CLANG_ANALYZER_NUMBER_OBJECT_CONVERSION = YES_AGGRESSIVE;
				CLANG_CXX_LANGUAGE_STANDARD = "gnu++14";
				CLANG_CXX_LIBRARY = "libc++";
				CLANG_ENABLE_MODULES = YES;
				CLANG_ENABLE_OBJC_ARC = YES;
				CLANG_ENABLE_OBJC_WEAK = YES;
				CLANG_WARN_BLOCK_CAPTURE_AUTORELEASING = YES;
				CLANG_WARN_BOOL_CONVERSION = YES;
				CLANG_WARN_COMMA = YES;
				CLANG_WARN_CONSTANT_CONVERSION = YES;
				CLANG_WARN_DEPRECATED_OBJC_IMPLEMENTATIONS = YES;
				CLANG_WARN_DIRECT_OBJC_ISA_USAGE = YES_ERROR;
				CLANG_WARN_DOCUMENTATION_COMMENTS = YES;
				CLANG_WARN_EMPTY_BODY = YES;
				CLANG_WARN_ENUM_CONVERSION = YES;
				CLANG_WARN_INFINITE_RECURSION = YES;
				CLANG_WARN_INT_CONVERSION = YES;
				CLANG_WARN_NON_LITERAL_NULL_CONVERSION = YES;
				CLANG_WARN_OBJC_IMPLICIT_RETAIN_SELF = YES;
				CLANG_WARN_OBJC_LITERAL_CONVERSION = YES;
				CLANG_WARN_OBJC_ROOT_CLASS = YES_ERROR;
				CLANG_WARN_QUOTED_INCLUDE_IN_FRAMEWORK_HEADER = YES;
				CLANG_WARN_RANGE_LOOP_ANALYSIS = YES;
				CLANG_WARN_STRICT_PROTOTYPES = YES;
				CLANG_WARN_SUSPICIOUS_MOVE = YES;
				CLANG_WARN_UNGUARDED_AVAILABILITY = YES_AGGRESSIVE;
				CLANG_WARN_UNREACHABLE_CODE = YES;
				CLANG_WARN__DUPLICATE_METHOD_MATCH = YES;
				COPY_PHASE_STRIP = NO;
				DEBUG_INFORMATION_FORMAT = "dwarf-with-dsym";
				ENABLE_NS_ASSERTIONS = NO;
				ENABLE_STRICT_OBJC_MSGSEND = YES;
				GCC_C_LANGUAGE_STANDARD = gnu11;
				GCC_NO_COMMON_BLOCKS = YES;
				GCC_WARN_64_TO_32_BIT_CONVERSION = YES;
				GCC_WARN_ABOUT_RETURN_TYPE = YES_ERROR;
				GCC_WARN_UNDECLARED_SELECTOR = YES;
				GCC_WARN_UNINITIALIZED_AUTOS = YES_AGGRESSIVE;
				GCC_WARN_UNUSED_FUNCTION = YES;
				GCC_WARN_UNUSED_VARIABLE = YES;
				IPHONEOS_DEPLOYMENT_TARGET = 14.4;
				MTL_ENABLE_DEBUG_INFO = NO;
				MTL_FAST_MATH = YES;
				SDKROOT = iphoneos;
				SWIFT_COMPILATION_MODE = wholemodule;
				SWIFT_OPTIMIZATION_LEVEL = "-O";
				VALIDATE_PRODUCT = YES;
			};
			name = Release;
		};
		D6C9A0BC261EAC09005F0707 /* Debug */ = {
			isa = XCBuildConfiguration;
			buildSettings = {
				ASSETCATALOG_COMPILER_APPICON_NAME = AppIcon;
				ASSETCATALOG_COMPILER_GLOBAL_ACCENT_COLOR_NAME = AccentColor;
				CODE_SIGN_STYLE = Automatic;
				DEVELOPMENT_ASSET_PATHS = "\"MyHero/Preview Content\"";
				DEVELOPMENT_TEAM = A4VBXRR28X;
				ENABLE_PREVIEWS = YES;
				INFOPLIST_FILE = MyHero/Info.plist;
				LD_RUNPATH_SEARCH_PATHS = (
					"$(inherited)",
					"@executable_path/Frameworks",
				);
				PRODUCT_BUNDLE_IDENTIFIER = com.mz.MyHero;
				PRODUCT_NAME = "$(TARGET_NAME)";
				SWIFT_VERSION = 5.0;
				TARGETED_DEVICE_FAMILY = "1,2";
			};
			name = Debug;
		};
		D6C9A0BD261EAC09005F0707 /* Release */ = {
			isa = XCBuildConfiguration;
			buildSettings = {
				ASSETCATALOG_COMPILER_APPICON_NAME = AppIcon;
				ASSETCATALOG_COMPILER_GLOBAL_ACCENT_COLOR_NAME = AccentColor;
				CODE_SIGN_STYLE = Automatic;
				DEVELOPMENT_ASSET_PATHS = "\"MyHero/Preview Content\"";
				DEVELOPMENT_TEAM = A4VBXRR28X;
				ENABLE_PREVIEWS = YES;
				INFOPLIST_FILE = MyHero/Info.plist;
				LD_RUNPATH_SEARCH_PATHS = (
					"$(inherited)",
					"@executable_path/Frameworks",
				);
				PRODUCT_BUNDLE_IDENTIFIER = com.mz.MyHero;
				PRODUCT_NAME = "$(TARGET_NAME)";
				SWIFT_VERSION = 5.0;
				TARGETED_DEVICE_FAMILY = "1,2";
			};
			name = Release;
		};
/* End XCBuildConfiguration section */

/* Begin XCConfigurationList section */
		D6C9A0A2261EAC07005F0707 /* Build configuration list for PBXProject "MyHero" */ = {
			isa = XCConfigurationList;
			buildConfigurations = (
				D6C9A0B9261EAC09005F0707 /* Debug */,
				D6C9A0BA261EAC09005F0707 /* Release */,
			);
			defaultConfigurationIsVisible = 0;
			defaultConfigurationName = Release;
		};
		D6C9A0BB261EAC09005F0707 /* Build configuration list for PBXNativeTarget "MyHero" */ = {
			isa = XCConfigurationList;
			buildConfigurations = (
				D6C9A0BC261EAC09005F0707 /* Debug */,
				D6C9A0BD261EAC09005F0707 /* Release */,
			);
			defaultConfigurationIsVisible = 0;
			defaultConfigurationName = Release;
		};
/* End XCConfigurationList section */
	};
	rootObject = D6C9A09F261EAC07005F0707 /* Project object */;
}
